
Microsoft Visual Studio Solution File, Format Version 12.00
# Visual Studio 15
VisualStudioVersion = 15.0.27428.2015
MinimumVisualStudioVersion = 10.0.40219.1
Project("{FAE04EC0-301F-11D3-BF4B-00C04F79EFBC}") = "UnlimitedPlayers", "UnlimitedPlayers\UnlimitedPlayers.csproj", "{4D737A0E-AB16-46F7-8EE9-FE66AA09F1CD}"
EndProject
Global
	GlobalSection(SolutionConfigurationPlatforms) = preSolution
		Debug|Any CPU = Debug|Any CPU
		Release|Any CPU = Release|Any CPU
	EndGlobalSection
	GlobalSection(ProjectConfigurationPlatforms) = postSolution
		{4D737A0E-AB16-46F7-8EE9-FE66AA09F1CD}.Debug|Any CPU.ActiveCfg = Debug|Any CPU
		{4D737A0E-AB16-46F7-8EE9-FE66AA09F1CD}.Debug|Any CPU.Build.0 = Debug|Any CPU
		{4D737A0E-AB16-46F7-8EE9-FE66AA09F1CD}.Release|Any CPU.ActiveCfg = Release|Any CPU
		{4D737A0E-AB16-46F7-8EE9-FE66AA09F1CD}.Release|Any CPU.Build.0 = Release|Any CPU
	EndGlobalSection
	GlobalSection(SolutionProperties) = preSolution
		HideSolutionNode = FALSE
	EndGlobalSection
	GlobalSection(ExtensibilityGlobals) = postSolution
		SolutionGuid = {C5B31B43-271D-4AC8-B64B-0109094C0E41}
	EndGlobalSection
EndGlobal
